// !$*UTF8*$!
{
	archiveVersion = 1;
	classes = {
	};
	objectVersion = 50;
	objects = {

/* Begin PBXBuildFile section */
		D64A2324243E177F00BFC64C /* AppDelegate.swift in Sources */ = {isa = PBXBuildFile; fileRef = D64A2323243E177F00BFC64C /* AppDelegate.swift */; };
		D64A2326243E177F00BFC64C /* SceneDelegate.swift in Sources */ = {isa = PBXBuildFile; fileRef = D64A2325243E177F00BFC64C /* SceneDelegate.swift */; };
		D64A232B243E177F00BFC64C /* Main.storyboard in Resources */ = {isa = PBXBuildFile; fileRef = D64A2329243E177F00BFC64C /* Main.storyboard */; };
		D64A232D243E178400BFC64C /* Assets.xcassets in Resources */ = {isa = PBXBuildFile; fileRef = D64A232C243E178400BFC64C /* Assets.xcassets */; };
		D64A2330243E178400BFC64C /* LaunchScreen.storyboard in Resources */ = {isa = PBXBuildFile; fileRef = D64A232E243E178400BFC64C /* LaunchScreen.storyboard */; };
		D64A2338243E1C1300BFC64C /* ImageVC.swift in Sources */ = {isa = PBXBuildFile; fileRef = D64A2337243E1C1300BFC64C /* ImageVC.swift */; };
		D64A233A243E1EAC00BFC64C /* URLS.swift in Sources */ = {isa = PBXBuildFile; fileRef = D64A2339243E1EAC00BFC64C /* URLS.swift */; };
		D64A2344243E4D7C00BFC64C /* TableViewCell.swift in Sources */ = {isa = PBXBuildFile; fileRef = D64A2343243E4D7C00BFC64C /* TableViewCell.swift */; };
		D64A2348243E4E7B00BFC64C /* CoursesVC.swift in Sources */ = {isa = PBXBuildFile; fileRef = D64A2347243E4E7B00BFC64C /* CoursesVC.swift */; };
		D64A234E243F4A8E00BFC64C /* WebvC.swift in Sources */ = {isa = PBXBuildFile; fileRef = D64A234D243F4A8E00BFC64C /* WebvC.swift */; };
		D64A2350243F502000BFC64C /* Course.swift in Sources */ = {isa = PBXBuildFile; fileRef = D64A234F243F502000BFC64C /* Course.swift */; };
		D64A2352243F572800BFC64C /* WebSiteDescription.swift in Sources */ = {isa = PBXBuildFile; fileRef = D64A2351243F572800BFC64C /* WebSiteDescription.swift */; };
		D64A2354243F7BD800BFC64C /* GitProfileInfo.swift in Sources */ = {isa = PBXBuildFile; fileRef = D64A2353243F7BD800BFC64C /* GitProfileInfo.swift */; };
		D64A2356243F7F8C00BFC64C /* GitProfilesList.swift in Sources */ = {isa = PBXBuildFile; fileRef = D64A2355243F7F8C00BFC64C /* GitProfilesList.swift */; };
		D64A235A243F9BC700BFC64C /* CollectionViewCell.swift in Sources */ = {isa = PBXBuildFile; fileRef = D64A2359243F9BC700BFC64C /* CollectionViewCell.swift */; };
		D64A2360243F9CD600BFC64C /* MainVC.swift in Sources */ = {isa = PBXBuildFile; fileRef = D64A235F243F9CD600BFC64C /* MainVC.swift */; };
		D64A2363243FA2EE00BFC64C /* NetworkManager.swift in Sources */ = {isa = PBXBuildFile; fileRef = D64A2362243FA2EE00BFC64C /* NetworkManager.swift */; };
/* End PBXBuildFile section */

/* Begin PBXFileReference section */
		D64A2320243E177F00BFC64C /* httpwithRequest.app */ = {isa = PBXFileReference; explicitFileType = wrapper.application; includeInIndex = 0; path = httpwithRequest.app; sourceTree = BUILT_PRODUCTS_DIR; };
		D64A2323243E177F00BFC64C /* AppDelegate.swift */ = {isa = PBXFileReference; lastKnownFileType = sourcecode.swift; path = AppDelegate.swift; sourceTree = "<group>"; };
		D64A2325243E177F00BFC64C /* SceneDelegate.swift */ = {isa = PBXFileReference; lastKnownFileType = sourcecode.swift; path = SceneDelegate.swift; sourceTree = "<group>"; };
		D64A232A243E177F00BFC64C /* Base */ = {isa = PBXFileReference; lastKnownFileType = file.storyboard; name = Base; path = Base.lproj/Main.storyboard; sourceTree = "<group>"; };
		D64A232C243E178400BFC64C /* Assets.xcassets */ = {isa = PBXFileReference; lastKnownFileType = folder.assetcatalog; path = Assets.xcassets; sourceTree = "<group>"; };
		D64A232F243E178400BFC64C /* Base */ = {isa = PBXFileReference; lastKnownFileType = file.storyboard; name = Base; path = Base.lproj/LaunchScreen.storyboard; sourceTree = "<group>"; };
		D64A2331243E178400BFC64C /* Info.plist */ = {isa = PBXFileReference; lastKnownFileType = text.plist.xml; path = Info.plist; sourceTree = "<group>"; };
		D64A2337243E1C1300BFC64C /* ImageVC.swift */ = {isa = PBXFileReference; lastKnownFileType = sourcecode.swift; path = ImageVC.swift; sourceTree = "<group>"; };
		D64A2339243E1EAC00BFC64C /* URLS.swift */ = {isa = PBXFileReference; lastKnownFileType = sourcecode.swift; path = URLS.swift; sourceTree = "<group>"; };
		D64A2343243E4D7C00BFC64C /* TableViewCell.swift */ = {isa = PBXFileReference; lastKnownFileType = sourcecode.swift; path = TableViewCell.swift; sourceTree = "<group>"; };
		D64A2347243E4E7B00BFC64C /* CoursesVC.swift */ = {isa = PBXFileReference; lastKnownFileType = sourcecode.swift; path = CoursesVC.swift; sourceTree = SOURCE_ROOT; };
		D64A234D243F4A8E00BFC64C /* WebvC.swift */ = {isa = PBXFileReference; lastKnownFileType = sourcecode.swift; path = WebvC.swift; sourceTree = SOURCE_ROOT; };
		D64A234F243F502000BFC64C /* Course.swift */ = {isa = PBXFileReference; lastKnownFileType = sourcecode.swift; path = Course.swift; sourceTree = "<group>"; };
		D64A2351243F572800BFC64C /* WebSiteDescription.swift */ = {isa = PBXFileReference; lastKnownFileType = sourcecode.swift; name = WebSiteDescription.swift; path = httpwithRequest/Storyboards/WebSiteDescription.swift; sourceTree = SOURCE_ROOT; };
		D64A2353243F7BD800BFC64C /* GitProfileInfo.swift */ = {isa = PBXFileReference; lastKnownFileType = sourcecode.swift; path = GitProfileInfo.swift; sourceTree = "<group>"; };
		D64A2355243F7F8C00BFC64C /* GitProfilesList.swift */ = {isa = PBXFileReference; lastKnownFileType = sourcecode.swift; path = GitProfilesList.swift; sourceTree = "<group>"; };
		D64A2359243F9BC700BFC64C /* CollectionViewCell.swift */ = {isa = PBXFileReference; lastKnownFileType = sourcecode.swift; path = CollectionViewCell.swift; sourceTree = "<group>"; };
		D64A235F243F9CD600BFC64C /* MainVC.swift */ = {isa = PBXFileReference; lastKnownFileType = sourcecode.swift; path = MainVC.swift; sourceTree = "<group>"; };
		D64A2362243FA2EE00BFC64C /* NetworkManager.swift */ = {isa = PBXFileReference; lastKnownFileType = sourcecode.swift; path = NetworkManager.swift; sourceTree = "<group>"; };
/* End PBXFileReference section */

/* Begin PBXFrameworksBuildPhase section */
		D64A231D243E177F00BFC64C /* Frameworks */ = {
			isa = PBXFrameworksBuildPhase;
			buildActionMask = 2147483647;
			files = (
			);
			runOnlyForDeploymentPostprocessing = 0;
		};
/* End PBXFrameworksBuildPhase section */

/* Begin PBXGroup section */
		D64A2317243E177F00BFC64C = {
			isa = PBXGroup;
			children = (
				D64A2322243E177F00BFC64C /* httpwithRequest */,
				D64A2321243E177F00BFC64C /* Products */,
			);
			sourceTree = "<group>";
		};
		D64A2321243E177F00BFC64C /* Products */ = {
			isa = PBXGroup;
			children = (
				D64A2320243E177F00BFC64C /* httpwithRequest.app */,
			);
			name = Products;
			sourceTree = "<group>";
		};
		D64A2322243E177F00BFC64C /* httpwithRequest */ = {
			isa = PBXGroup;
			children = (
				D64A2361243FA2D600BFC64C /* Managers */,
				D64A233D243E212100BFC64C /* Support Files */,
				D64A233B243E20F900BFC64C /* ViewControlers */,
				D64A233E243E213000BFC64C /* Storyboards */,
				D64A233C243E210D00BFC64C /* Model */,
			);
			path = httpwithRequest;
			sourceTree = "<group>";
		};
		D64A233B243E20F900BFC64C /* ViewControlers */ = {
			isa = PBXGroup;
			children = (
				D64A235C243F9C7000BFC64C /* MainController */,
				D64A234D243F4A8E00BFC64C /* WebvC.swift */,
				D64A2347243E4E7B00BFC64C /* CoursesVC.swift */,
				D64A2343243E4D7C00BFC64C /* TableViewCell.swift */,
				D64A2337243E1C1300BFC64C /* ImageVC.swift */,
			);
			path = ViewControlers;
			sourceTree = "<group>";
		};
		D64A233C243E210D00BFC64C /* Model */ = {
			isa = PBXGroup;
			children = (
				D64A2351243F572800BFC64C /* WebSiteDescription.swift */,
				D64A2339243E1EAC00BFC64C /* URLS.swift */,
				D64A234F243F502000BFC64C /* Course.swift */,
				D64A2355243F7F8C00BFC64C /* GitProfilesList.swift */,
				D64A2353243F7BD800BFC64C /* GitProfileInfo.swift */,
			);
			path = Model;
			sourceTree = "<group>";
		};
		D64A233D243E212100BFC64C /* Support Files */ = {
			isa = PBXGroup;
			children = (
				D64A2323243E177F00BFC64C /* AppDelegate.swift */,
				D64A2325243E177F00BFC64C /* SceneDelegate.swift */,
				D64A232C243E178400BFC64C /* Assets.xcassets */,
				D64A2331243E178400BFC64C /* Info.plist */,
			);
			path = "Support Files";
			sourceTree = "<group>";
		};
		D64A233E243E213000BFC64C /* Storyboards */ = {
			isa = PBXGroup;
			children = (
				D64A2329243E177F00BFC64C /* Main.storyboard */,
				D64A232E243E178400BFC64C /* LaunchScreen.storyboard */,
			);
			path = Storyboards;
			sourceTree = "<group>";
		};
		D64A235C243F9C7000BFC64C /* MainController */ = {
			isa = PBXGroup;
			children = (
				D64A2359243F9BC700BFC64C /* CollectionViewCell.swift */,
				D64A235F243F9CD600BFC64C /* MainVC.swift */,
			);
			path = MainController;
			sourceTree = "<group>";
		};
		D64A2361243FA2D600BFC64C /* Managers */ = {
			isa = PBXGroup;
			children = (
				D64A2362243FA2EE00BFC64C /* NetworkManager.swift */,
			);
			path = Managers;
			sourceTree = "<group>";
		};
/* End PBXGroup section */

/* Begin PBXNativeTarget section */
		D64A231F243E177F00BFC64C /* httpwithRequest */ = {
			isa = PBXNativeTarget;
			buildConfigurationList = D64A2334243E178400BFC64C /* Build configuration list for PBXNativeTarget "httpwithRequest" */;
			buildPhases = (
				D64A231C243E177F00BFC64C /* Sources */,
				D64A231D243E177F00BFC64C /* Frameworks */,
				D64A231E243E177F00BFC64C /* Resources */,
			);
			buildRules = (
			);
			dependencies = (
			);
			name = httpwithRequest;
			productName = httpwithRequest;
			productReference = D64A2320243E177F00BFC64C /* httpwithRequest.app */;
			productType = "com.apple.product-type.application";
		};
/* End PBXNativeTarget section */

/* Begin PBXProject section */
		D64A2318243E177F00BFC64C /* Project object */ = {
			isa = PBXProject;
			attributes = {
				LastSwiftUpdateCheck = 1120;
				LastUpgradeCheck = 1120;
				ORGANIZATIONNAME = "Mr. Bear";
				TargetAttributes = {
					D64A231F243E177F00BFC64C = {
						CreatedOnToolsVersion = 11.2;
					};
				};
			};
			buildConfigurationList = D64A231B243E177F00BFC64C /* Build configuration list for PBXProject "httpwithRequest" */;
			compatibilityVersion = "Xcode 9.3";
			developmentRegion = en;
			hasScannedForEncodings = 0;
			knownRegions = (
				en,
				Base,
			);
			mainGroup = D64A2317243E177F00BFC64C;
			productRefGroup = D64A2321243E177F00BFC64C /* Products */;
			projectDirPath = "";
			projectRoot = "";
			targets = (
				D64A231F243E177F00BFC64C /* httpwithRequest */,
			);
		};
/* End PBXProject section */

/* Begin PBXResourcesBuildPhase section */
		D64A231E243E177F00BFC64C /* Resources */ = {
			isa = PBXResourcesBuildPhase;
			buildActionMask = 2147483647;
			files = (
				D64A2330243E178400BFC64C /* LaunchScreen.storyboard in Resources */,
				D64A232D243E178400BFC64C /* Assets.xcassets in Resources */,
				D64A232B243E177F00BFC64C /* Main.storyboard in Resources */,
			);
			runOnlyForDeploymentPostprocessing = 0;
		};
/* End PBXResourcesBuildPhase section */

/* Begin PBXSourcesBuildPhase section */
		D64A231C243E177F00BFC64C /* Sources */ = {
			isa = PBXSourcesBuildPhase;
			buildActionMask = 2147483647;
			files = (
				D64A2352243F572800BFC64C /* WebSiteDescription.swift in Sources */,
				D64A2350243F502000BFC64C /* Course.swift in Sources */,
				D64A233A243E1EAC00BFC64C /* URLS.swift in Sources */,
				D64A2338243E1C1300BFC64C /* ImageVC.swift in Sources */,
				D64A2356243F7F8C00BFC64C /* GitProfilesList.swift in Sources */,
				D64A2354243F7BD800BFC64C /* GitProfileInfo.swift in Sources */,
				D64A2324243E177F00BFC64C /* AppDelegate.swift in Sources */,
				D64A2344243E4D7C00BFC64C /* TableViewCell.swift in Sources */,
				D64A234E243F4A8E00BFC64C /* WebvC.swift in Sources */,
				D64A235A243F9BC700BFC64C /* CollectionViewCell.swift in Sources */,
				D64A2326243E177F00BFC64C /* SceneDelegate.swift in Sources */,
				D64A2363243FA2EE00BFC64C /* NetworkManager.swift in Sources */,
				D64A2348243E4E7B00BFC64C /* CoursesVC.swift in Sources */,
				D64A2360243F9CD600BFC64C /* MainVC.swift in Sources */,
			);
			runOnlyForDeploymentPostprocessing = 0;
		};
/* End PBXSourcesBuildPhase section */

/* Begin PBXVariantGroup section */
		D64A2329243E177F00BFC64C /* Main.storyboard */ = {
			isa = PBXVariantGroup;
			children = (
				D64A232A243E177F00BFC64C /* Base */,
			);
			name = Main.storyboard;
			sourceTree = "<group>";
		};
		D64A232E243E178400BFC64C /* LaunchScreen.storyboard */ = {
			isa = PBXVariantGroup;
			children = (
				D64A232F243E178400BFC64C /* Base */,
			);
			name = LaunchScreen.storyboard;
			sourceTree = "<group>";
		};
/* End PBXVariantGroup section */

/* Begin XCBuildConfiguration section */
		D64A2332243E178400BFC64C /* Debug */ = {
			isa = XCBuildConfiguration;
			buildSettings = {
				ALWAYS_SEARCH_USER_PATHS = NO;
				CLANG_ANALYZER_NONNULL = YES;
				CLANG_ANALYZER_NUMBER_OBJECT_CONVERSION = YES_AGGRESSIVE;
				CLANG_CXX_LANGUAGE_STANDARD = "gnu++14";
				CLANG_CXX_LIBRARY = "libc++";
				CLANG_ENABLE_MODULES = YES;
				CLANG_ENABLE_OBJC_ARC = YES;
				CLANG_ENABLE_OBJC_WEAK = YES;
				CLANG_WARN_BLOCK_CAPTURE_AUTORELEASING = YES;
				CLANG_WARN_BOOL_CONVERSION = YES;
				CLANG_WARN_COMMA = YES;
				CLANG_WARN_CONSTANT_CONVERSION = YES;
				CLANG_WARN_DEPRECATED_OBJC_IMPLEMENTATIONS = YES;
				CLANG_WARN_DIRECT_OBJC_ISA_USAGE = YES_ERROR;
				CLANG_WARN_DOCUMENTATION_COMMENTS = YES;
				CLANG_WARN_EMPTY_BODY = YES;
				CLANG_WARN_ENUM_CONVERSION = YES;
				CLANG_WARN_INFINITE_RECURSION = YES;
				CLANG_WARN_INT_CONVERSION = YES;
				CLANG_WARN_NON_LITERAL_NULL_CONVERSION = YES;
				CLANG_WARN_OBJC_IMPLICIT_RETAIN_SELF = YES;
				CLANG_WARN_OBJC_LITERAL_CONVERSION = YES;
				CLANG_WARN_OBJC_ROOT_CLASS = YES_ERROR;
				CLANG_WARN_RANGE_LOOP_ANALYSIS = YES;
				CLANG_WARN_STRICT_PROTOTYPES = YES;
				CLANG_WARN_SUSPICIOUS_MOVE = YES;
				CLANG_WARN_UNGUARDED_AVAILABILITY = YES_AGGRESSIVE;
				CLANG_WARN_UNREACHABLE_CODE = YES;
				CLANG_WARN__DUPLICATE_METHOD_MATCH = YES;
				COPY_PHASE_STRIP = NO;
				DEBUG_INFORMATION_FORMAT = dwarf;
				ENABLE_STRICT_OBJC_MSGSEND = YES;
				ENABLE_TESTABILITY = YES;
				GCC_C_LANGUAGE_STANDARD = gnu11;
				GCC_DYNAMIC_NO_PIC = NO;
				GCC_NO_COMMON_BLOCKS = YES;
				GCC_OPTIMIZATION_LEVEL = 0;
				GCC_PREPROCESSOR_DEFINITIONS = (
					"DEBUG=1",
					"$(inherited)",
				);
				GCC_WARN_64_TO_32_BIT_CONVERSION = YES;
				GCC_WARN_ABOUT_RETURN_TYPE = YES_ERROR;
				GCC_WARN_UNDECLARED_SELECTOR = YES;
				GCC_WARN_UNINITIALIZED_AUTOS = YES_AGGRESSIVE;
				GCC_WARN_UNUSED_FUNCTION = YES;
				GCC_WARN_UNUSED_VARIABLE = YES;
				IPHONEOS_DEPLOYMENT_TARGET = 13.2;
				MTL_ENABLE_DEBUG_INFO = INCLUDE_SOURCE;
				MTL_FAST_MATH = YES;
				ONLY_ACTIVE_ARCH = YES;
				SDKROOT = iphoneos;
				SWIFT_ACTIVE_COMPILATION_CONDITIONS = DEBUG;
				SWIFT_OPTIMIZATION_LEVEL = "-Onone";
			};
			name = Debug;
		};
		D64A2333243E178400BFC64C /* Release */ = {
			isa = XCBuildConfiguration;
			buildSettings = {
				ALWAYS_SEARCH_USER_PATHS = NO;
				CLANG_ANALYZER_NONNULL = YES;
				CLANG_ANALYZER_NUMBER_OBJECT_CONVERSION = YES_AGGRESSIVE;
				CLANG_CXX_LANGUAGE_STANDARD = "gnu++14";
				CLANG_CXX_LIBRARY = "libc++";
				CLANG_ENABLE_MODULES = YES;
				CLANG_ENABLE_OBJC_ARC = YES;
				CLANG_ENABLE_OBJC_WEAK = YES;
				CLANG_WARN_BLOCK_CAPTURE_AUTORELEASING = YES;
				CLANG_WARN_BOOL_CONVERSION = YES;
				CLANG_WARN_COMMA = YES;
				CLANG_WARN_CONSTANT_CONVERSION = YES;
				CLANG_WARN_DEPRECATED_OBJC_IMPLEMENTATIONS = YES;
				CLANG_WARN_DIRECT_OBJC_ISA_USAGE = YES_ERROR;
				CLANG_WARN_DOCUMENTATION_COMMENTS = YES;
				CLANG_WARN_EMPTY_BODY = YES;
				CLANG_WARN_ENUM_CONVERSION = YES;
				CLANG_WARN_INFINITE_RECURSION = YES;
				CLANG_WARN_INT_CONVERSION = YES;
				CLANG_WARN_NON_LITERAL_NULL_CONVERSION = YES;
				CLANG_WARN_OBJC_IMPLICIT_RETAIN_SELF = YES;
				CLANG_WARN_OBJC_LITERAL_CONVERSION = YES;
				CLANG_WARN_OBJC_ROOT_CLASS = YES_ERROR;
				CLANG_WARN_RANGE_LOOP_ANALYSIS = YES;
				CLANG_WARN_STRICT_PROTOTYPES = YES;
				CLANG_WARN_SUSPICIOUS_MOVE = YES;
				CLANG_WARN_UNGUARDED_AVAILABILITY = YES_AGGRESSIVE;
				CLANG_WARN_UNREACHABLE_CODE = YES;
				CLANG_WARN__DUPLICATE_METHOD_MATCH = YES;
				COPY_PHASE_STRIP = NO;
				DEBUG_INFORMATION_FORMAT = "dwarf-with-dsym";
				ENABLE_NS_ASSERTIONS = NO;
				ENABLE_STRICT_OBJC_MSGSEND = YES;
				GCC_C_LANGUAGE_STANDARD = gnu11;
				GCC_NO_COMMON_BLOCKS = YES;
				GCC_WARN_64_TO_32_BIT_CONVERSION = YES;
				GCC_WARN_ABOUT_RETURN_TYPE = YES_ERROR;
				GCC_WARN_UNDECLARED_SELECTOR = YES;
				GCC_WARN_UNINITIALIZED_AUTOS = YES_AGGRESSIVE;
				GCC_WARN_UNUSED_FUNCTION = YES;
				GCC_WARN_UNUSED_VARIABLE = YES;
				IPHONEOS_DEPLOYMENT_TARGET = 13.2;
				MTL_ENABLE_DEBUG_INFO = NO;
				MTL_FAST_MATH = YES;
				SDKROOT = iphoneos;
				SWIFT_COMPILATION_MODE = wholemodule;
				SWIFT_OPTIMIZATION_LEVEL = "-O";
				VALIDATE_PRODUCT = YES;
			};
			name = Release;
		};
		D64A2335243E178400BFC64C /* Debug */ = {
			isa = XCBuildConfiguration;
			buildSettings = {
				ASSETCATALOG_COMPILER_APPICON_NAME = AppIcon;
				CODE_SIGN_STYLE = Automatic;
				DEVELOPMENT_TEAM = TY8AJ3X7FD;
				INFOPLIST_FILE = "$(SRCROOT)/httpwithRequest/Support Files/Info.plist";
				LD_RUNPATH_SEARCH_PATHS = (
					"$(inherited)",
					"@executable_path/Frameworks",
				);
				PRODUCT_BUNDLE_IDENTIFIER = "Mikhail-Zviagintsev.httpwithRequest";
				PRODUCT_NAME = "$(TARGET_NAME)";
				SWIFT_VERSION = 5.0;
				TARGETED_DEVICE_FAMILY = "1,2";
			};
			name = Debug;
		};
		D64A2336243E178400BFC64C /* Release */ = {
			isa = XCBuildConfiguration;
			buildSettings = {
				ASSETCATALOG_COMPILER_APPICON_NAME = AppIcon;
				CODE_SIGN_STYLE = Automatic;
				DEVELOPMENT_TEAM = TY8AJ3X7FD;
				INFOPLIST_FILE = "$(SRCROOT)/httpwithRequest/Support Files/Info.plist";
				LD_RUNPATH_SEARCH_PATHS = (
					"$(inherited)",
					"@executable_path/Frameworks",
				);
				PRODUCT_BUNDLE_IDENTIFIER = "Mikhail-Zviagintsev.httpwithRequest";
				PRODUCT_NAME = "$(TARGET_NAME)";
				SWIFT_VERSION = 5.0;
				TARGETED_DEVICE_FAMILY = "1,2";
			};
			name = Release;
		};
/* End XCBuildConfiguration section */

/* Begin XCConfigurationList section */
		D64A231B243E177F00BFC64C /* Build configuration list for PBXProject "httpwithRequest" */ = {
			isa = XCConfigurationList;
			buildConfigurations = (
				D64A2332243E178400BFC64C /* Debug */,
				D64A2333243E178400BFC64C /* Release */,
			);
			defaultConfigurationIsVisible = 0;
			defaultConfigurationName = Release;
		};
		D64A2334243E178400BFC64C /* Build configuration list for PBXNativeTarget "httpwithRequest" */ = {
			isa = XCConfigurationList;
			buildConfigurations = (
				D64A2335243E178400BFC64C /* Debug */,
				D64A2336243E178400BFC64C /* Release */,
			);
			defaultConfigurationIsVisible = 0;
			defaultConfigurationName = Release;
		};
/* End XCConfigurationList section */
	};
	rootObject = D64A2318243E177F00BFC64C /* Project object */;
}
